
Microsoft Visual Studio Solution File, Format Version 11.00
# Visual Studio 2010
Project("{FAE04EC0-301F-11D3-BF4B-00C04F79EFBC}") = "Assembly-CSharp", "Assembly-CSharp.csproj", "{8baf51d0-243b-cbbe-7709-25143267b0b2}"
EndProject
Project("{FAE04EC0-301F-11D3-BF4B-00C04F79EFBC}") = "Assembly-CSharp-firstpass", "Assembly-CSharp-firstpass.csproj", "{bb25ae75-ae00-75b6-5562-d8ff6c897783}"
EndProject
Project("{FAE04EC0-301F-11D3-BF4B-00C04F79EFBC}") = "Assembly-CSharp-Editor-firstpass", "Assembly-CSharp-Editor-firstpass.csproj", "{873aab67-5771-563b-820b-53f09a1be57c}"
EndProject
Global
	GlobalSection(SolutionConfigurationPlatforms) = preSolution
		Debug|Any CPU = Debug|Any CPU
	EndGlobalSection
	GlobalSection(ProjectConfigurationPlatforms) = postSolution
		{8baf51d0-243b-cbbe-7709-25143267b0b2}.Debug|Any CPU.ActiveCfg = Debug|Any CPU
		{8baf51d0-243b-cbbe-7709-25143267b0b2}.Debug|Any CPU.Build.0 = Debug|Any CPU
		{bb25ae75-ae00-75b6-5562-d8ff6c897783}.Debug|Any CPU.ActiveCfg = Debug|Any CPU
		{bb25ae75-ae00-75b6-5562-d8ff6c897783}.Debug|Any CPU.Build.0 = Debug|Any CPU
		{873aab67-5771-563b-820b-53f09a1be57c}.Debug|Any CPU.ActiveCfg = Debug|Any CPU
		{873aab67-5771-563b-820b-53f09a1be57c}.Debug|Any CPU.Build.0 = Debug|Any CPU
	EndGlobalSection
	GlobalSection(SolutionProperties) = preSolution
		HideSolutionNode = FALSE
	EndGlobalSection
EndGlobal
